
Microsoft Visual Studio Solution File, Format Version 12.00
# Visual Studio 14
VisualStudioVersion = 14.0.23107.0
MinimumVisualStudioVersion = 10.0.40219.1
Project("{F184B08F-C81C-45F6-A57F-5ABD9991F28F}") = "Ch02Ex01", "Ch02Ex01\Ch02Ex01.vbproj", "{73C5253B-2FED-4820-878B-F88940E50B47}"
EndProject
Project("{F184B08F-C81C-45F6-A57F-5ABD9991F28F}") = "Ch02Ex02", "Ch02Ex02\Ch02Ex02.vbproj", "{349465B7-238F-4FDF-8C16-D525BD4CDFB3}"
EndProject
Project("{F184B08F-C81C-45F6-A57F-5ABD9991F28F}") = "Ch02Ex03", "Ch02Ex03\Ch02Ex03.vbproj", "{F693BB66-AEE8-4952-AAAE-FF55A0D55C5E}"
EndProject
Global
	GlobalSection(SolutionConfigurationPlatforms) = preSolution
		Debug|Any CPU = Debug|Any CPU
		Release|Any CPU = Release|Any CPU
	EndGlobalSection
	GlobalSection(ProjectConfigurationPlatforms) = postSolution
		{73C5253B-2FED-4820-878B-F88940E50B47}.Debug|Any CPU.ActiveCfg = Debug|Any CPU
		{73C5253B-2FED-4820-878B-F88940E50B47}.Debug|Any CPU.Build.0 = Debug|Any CPU
		{73C5253B-2FED-4820-878B-F88940E50B47}.Release|Any CPU.ActiveCfg = Release|Any CPU
		{73C5253B-2FED-4820-878B-F88940E50B47}.Release|Any CPU.Build.0 = Release|Any CPU
		{349465B7-238F-4FDF-8C16-D525BD4CDFB3}.Debug|Any CPU.ActiveCfg = Debug|Any CPU
		{349465B7-238F-4FDF-8C16-D525BD4CDFB3}.Debug|Any CPU.Build.0 = Debug|Any CPU
		{349465B7-238F-4FDF-8C16-D525BD4CDFB3}.Release|Any CPU.ActiveCfg = Release|Any CPU
		{349465B7-238F-4FDF-8C16-D525BD4CDFB3}.Release|Any CPU.Build.0 = Release|Any CPU
		{F693BB66-AEE8-4952-AAAE-FF55A0D55C5E}.Debug|Any CPU.ActiveCfg = Debug|Any CPU
		{F693BB66-AEE8-4952-AAAE-FF55A0D55C5E}.Debug|Any CPU.Build.0 = Debug|Any CPU
		{F693BB66-AEE8-4952-AAAE-FF55A0D55C5E}.Release|Any CPU.ActiveCfg = Release|Any CPU
		{F693BB66-AEE8-4952-AAAE-FF55A0D55C5E}.Release|Any CPU.Build.0 = Release|Any CPU
	EndGlobalSection
	GlobalSection(SolutionProperties) = preSolution
		HideSolutionNode = FALSE
	EndGlobalSection
EndGlobal
